
Microsoft Visual Studio Solution File, Format Version 12.00
# Visual Studio Version 17
VisualStudioVersion = 17.11.35208.52
MinimumVisualStudioVersion = 10.0.40219.1
Project("{9A19103F-16F7-4668-BE54-9A1E7A4F7556}") = "ModelDrivenAppCloner", "ModelDrivenAppCloner.csproj", "{71BE22B2-C562-415D-B3A6-3FF56D21D4EF}"
EndProject
Global
	GlobalSection(SolutionConfigurationPlatforms) = preSolution
		Debug|Any CPU = Debug|Any CPU
		Release|Any CPU = Release|Any CPU
	EndGlobalSection
	GlobalSection(ProjectConfigurationPlatforms) = postSolution
		{71BE22B2-C562-415D-B3A6-3FF56D21D4EF}.Debug|Any CPU.ActiveCfg = Debug|Any CPU
		{71BE22B2-C562-415D-B3A6-3FF56D21D4EF}.Debug|Any CPU.Build.0 = Debug|Any CPU
		{71BE22B2-C562-415D-B3A6-3FF56D21D4EF}.Release|Any CPU.ActiveCfg = Release|Any CPU
		{71BE22B2-C562-415D-B3A6-3FF56D21D4EF}.Release|Any CPU.Build.0 = Release|Any CPU
	EndGlobalSection
	GlobalSection(SolutionProperties) = preSolution
		HideSolutionNode = FALSE
	EndGlobalSection
	GlobalSection(ExtensibilityGlobals) = postSolution
		SolutionGuid = {819204BF-3000-47F2-BFB0-E3038EE577A3}
	EndGlobalSection
EndGlobal
